
Microsoft Visual Studio Solution File, Format Version 12.00
# Visual Studio Version 17
VisualStudioVersion = 17.11.35327.3
MinimumVisualStudioVersion = 10.0.40219.1
Project("{9A19103F-16F7-4668-BE54-9A1E7A4F7556}") = "Escola.WebAPI", "Escola.WebAPI\Escola.WebAPI.csproj", "{168C572A-ADA0-41B8-8507-A1A2A2307A8B}"
EndProject
Project("{9A19103F-16F7-4668-BE54-9A1E7A4F7556}") = "Escola.Domain", "Escola.Domain\Escola.Domain.csproj", "{E3B2622D-6F94-4DF7-ACE2-7C26458B358D}"
EndProject
Project("{9A19103F-16F7-4668-BE54-9A1E7A4F7556}") = "Escola.Application", "Escola.Application\Escola.Application.csproj", "{4F904F99-8887-4EED-8209-D05EB940EA2B}"
EndProject
Project("{9A19103F-16F7-4668-BE54-9A1E7A4F7556}") = "Escola.Application.Tests", "Escola.Application.Tests\Escola.Application.Tests.csproj", "{225F29FB-9FBB-4901-B50F-C099766F1FC9}"
EndProject
Project("{9A19103F-16F7-4668-BE54-9A1E7A4F7556}") = "Escola.Domain.Tests", "Escola.Domain.Tests\Escola.Domain.Tests.csproj", "{CF29B2AA-8592-4994-9364-211D6C0E42F6}"
EndProject
Project("{9A19103F-16F7-4668-BE54-9A1E7A4F7556}") = "Escola.Infra.Tests", "Escola.Infra.Tests\Escola.Infra.Tests.csproj", "{9C9A7FAC-6980-4F04-B747-1F6E0C631E0D}"
EndProject
Project("{9A19103F-16F7-4668-BE54-9A1E7A4F7556}") = "Escola.WebAPI.Tests", "Escola.WebAPI.Tests\Escola.WebAPI.Tests.csproj", "{7C3A9144-BA64-4025-BB31-1FD4658DAD33}"
EndProject
Project("{2150E333-8FDC-42A3-9474-1A3956D46DE8}") = "src", "src", "{2F9E1DD3-469C-4BF4-A5CF-9506D8222FBE}"
EndProject
Project("{2150E333-8FDC-42A3-9474-1A3956D46DE8}") = "test", "test", "{BB4E23D8-87B5-48A5-A2B4-F8BF63549A1F}"
EndProject
Project("{9A19103F-16F7-4668-BE54-9A1E7A4F7556}") = "Escola.Infra", "Escola.Infra\Escola.Infra.csproj", "{79ED198A-91F7-4A55-ACCB-CDFB960D2CC1}"
EndProject
Global
	GlobalSection(SolutionConfigurationPlatforms) = preSolution
		Debug|Any CPU = Debug|Any CPU
		Release|Any CPU = Release|Any CPU
	EndGlobalSection
	GlobalSection(ProjectConfigurationPlatforms) = postSolution
		{168C572A-ADA0-41B8-8507-A1A2A2307A8B}.Debug|Any CPU.ActiveCfg = Debug|Any CPU
		{168C572A-ADA0-41B8-8507-A1A2A2307A8B}.Debug|Any CPU.Build.0 = Debug|Any CPU
		{168C572A-ADA0-41B8-8507-A1A2A2307A8B}.Release|Any CPU.ActiveCfg = Release|Any CPU
		{168C572A-ADA0-41B8-8507-A1A2A2307A8B}.Release|Any CPU.Build.0 = Release|Any CPU
		{E3B2622D-6F94-4DF7-ACE2-7C26458B358D}.Debug|Any CPU.ActiveCfg = Debug|Any CPU
		{E3B2622D-6F94-4DF7-ACE2-7C26458B358D}.Debug|Any CPU.Build.0 = Debug|Any CPU
		{E3B2622D-6F94-4DF7-ACE2-7C26458B358D}.Release|Any CPU.ActiveCfg = Release|Any CPU
		{E3B2622D-6F94-4DF7-ACE2-7C26458B358D}.Release|Any CPU.Build.0 = Release|Any CPU
		{4F904F99-8887-4EED-8209-D05EB940EA2B}.Debug|Any CPU.ActiveCfg = Debug|Any CPU
		{4F904F99-8887-4EED-8209-D05EB940EA2B}.Debug|Any CPU.Build.0 = Debug|Any CPU
		{4F904F99-8887-4EED-8209-D05EB940EA2B}.Release|Any CPU.ActiveCfg = Release|Any CPU
		{4F904F99-8887-4EED-8209-D05EB940EA2B}.Release|Any CPU.Build.0 = Release|Any CPU
		{225F29FB-9FBB-4901-B50F-C099766F1FC9}.Debug|Any CPU.ActiveCfg = Debug|Any CPU
		{225F29FB-9FBB-4901-B50F-C099766F1FC9}.Debug|Any CPU.Build.0 = Debug|Any CPU
		{225F29FB-9FBB-4901-B50F-C099766F1FC9}.Release|Any CPU.ActiveCfg = Release|Any CPU
		{225F29FB-9FBB-4901-B50F-C099766F1FC9}.Release|Any CPU.Build.0 = Release|Any CPU
		{CF29B2AA-8592-4994-9364-211D6C0E42F6}.Debug|Any CPU.ActiveCfg = Debug|Any CPU
		{CF29B2AA-8592-4994-9364-211D6C0E42F6}.Debug|Any CPU.Build.0 = Debug|Any CPU
		{CF29B2AA-8592-4994-9364-211D6C0E42F6}.Release|Any CPU.ActiveCfg = Release|Any CPU
		{CF29B2AA-8592-4994-9364-211D6C0E42F6}.Release|Any CPU.Build.0 = Release|Any CPU
		{9C9A7FAC-6980-4F04-B747-1F6E0C631E0D}.Debug|Any CPU.ActiveCfg = Debug|Any CPU
		{9C9A7FAC-6980-4F04-B747-1F6E0C631E0D}.Debug|Any CPU.Build.0 = Debug|Any CPU
		{9C9A7FAC-6980-4F04-B747-1F6E0C631E0D}.Release|Any CPU.ActiveCfg = Release|Any CPU
		{9C9A7FAC-6980-4F04-B747-1F6E0C631E0D}.Release|Any CPU.Build.0 = Release|Any CPU
		{7C3A9144-BA64-4025-BB31-1FD4658DAD33}.Debug|Any CPU.ActiveCfg = Debug|Any CPU
		{7C3A9144-BA64-4025-BB31-1FD4658DAD33}.Debug|Any CPU.Build.0 = Debug|Any CPU
		{7C3A9144-BA64-4025-BB31-1FD4658DAD33}.Release|Any CPU.ActiveCfg = Release|Any CPU
		{7C3A9144-BA64-4025-BB31-1FD4658DAD33}.Release|Any CPU.Build.0 = Release|Any CPU
		{79ED198A-91F7-4A55-ACCB-CDFB960D2CC1}.Debug|Any CPU.ActiveCfg = Debug|Any CPU
		{79ED198A-91F7-4A55-ACCB-CDFB960D2CC1}.Debug|Any CPU.Build.0 = Debug|Any CPU
		{79ED198A-91F7-4A55-ACCB-CDFB960D2CC1}.Release|Any CPU.ActiveCfg = Release|Any CPU
		{79ED198A-91F7-4A55-ACCB-CDFB960D2CC1}.Release|Any CPU.Build.0 = Release|Any CPU
	EndGlobalSection
	GlobalSection(SolutionProperties) = preSolution
		HideSolutionNode = FALSE
	EndGlobalSection
	GlobalSection(NestedProjects) = preSolution
		{168C572A-ADA0-41B8-8507-A1A2A2307A8B} = {2F9E1DD3-469C-4BF4-A5CF-9506D8222FBE}
		{E3B2622D-6F94-4DF7-ACE2-7C26458B358D} = {2F9E1DD3-469C-4BF4-A5CF-9506D8222FBE}
		{4F904F99-8887-4EED-8209-D05EB940EA2B} = {2F9E1DD3-469C-4BF4-A5CF-9506D8222FBE}
		{225F29FB-9FBB-4901-B50F-C099766F1FC9} = {BB4E23D8-87B5-48A5-A2B4-F8BF63549A1F}
		{CF29B2AA-8592-4994-9364-211D6C0E42F6} = {BB4E23D8-87B5-48A5-A2B4-F8BF63549A1F}
		{9C9A7FAC-6980-4F04-B747-1F6E0C631E0D} = {BB4E23D8-87B5-48A5-A2B4-F8BF63549A1F}
		{7C3A9144-BA64-4025-BB31-1FD4658DAD33} = {BB4E23D8-87B5-48A5-A2B4-F8BF63549A1F}
		{79ED198A-91F7-4A55-ACCB-CDFB960D2CC1} = {2F9E1DD3-469C-4BF4-A5CF-9506D8222FBE}
	EndGlobalSection
	GlobalSection(ExtensibilityGlobals) = postSolution
		SolutionGuid = {F4E3B40D-3ACD-4BEF-8BB7-7FB658D4E96E}
	EndGlobalSection
EndGlobal
