
Microsoft Visual Studio Solution File, Format Version 12.00
# Visual Studio Version 17
VisualStudioVersion = 17.11.35327.3
MinimumVisualStudioVersion = 10.0.40219.1
Project("{FAE04EC0-301F-11D3-BF4B-00C04F79EFBC}") = "Escola.WebAPI", "Escola.WebAPI\Escola.WebAPI.csproj", "{168C572A-ADA0-41B8-8507-A1A2A2307A8B}"
EndProject
Project("{FAE04EC0-301F-11D3-BF4B-00C04F79EFBC}") = "Escola.Infrastructure", "Escola.Infrastructure\Escola.Infrastructure.csproj", "{F8D4FC2C-B23D-4CD0-9945-AD388ECC2F49}"
EndProject
Project("{FAE04EC0-301F-11D3-BF4B-00C04F79EFBC}") = "Escola.Domain", "Escola.Domain\Escola.Domain.csproj", "{E3B2622D-6F94-4DF7-ACE2-7C26458B358D}"
EndProject
Project("{FAE04EC0-301F-11D3-BF4B-00C04F79EFBC}") = "Escola.Application", "Escola.Application\Escola.Application.csproj", "{4F904F99-8887-4EED-8209-D05EB940EA2B}"
EndProject
Global
	GlobalSection(SolutionConfigurationPlatforms) = preSolution
		Debug|Any CPU = Debug|Any CPU
		Release|Any CPU = Release|Any CPU
	EndGlobalSection
	GlobalSection(ProjectConfigurationPlatforms) = postSolution
		{168C572A-ADA0-41B8-8507-A1A2A2307A8B}.Debug|Any CPU.ActiveCfg = Debug|Any CPU
		{168C572A-ADA0-41B8-8507-A1A2A2307A8B}.Debug|Any CPU.Build.0 = Debug|Any CPU
		{168C572A-ADA0-41B8-8507-A1A2A2307A8B}.Release|Any CPU.ActiveCfg = Release|Any CPU
		{168C572A-ADA0-41B8-8507-A1A2A2307A8B}.Release|Any CPU.Build.0 = Release|Any CPU
		{F8D4FC2C-B23D-4CD0-9945-AD388ECC2F49}.Debug|Any CPU.ActiveCfg = Debug|Any CPU
		{F8D4FC2C-B23D-4CD0-9945-AD388ECC2F49}.Debug|Any CPU.Build.0 = Debug|Any CPU
		{F8D4FC2C-B23D-4CD0-9945-AD388ECC2F49}.Release|Any CPU.ActiveCfg = Release|Any CPU
		{F8D4FC2C-B23D-4CD0-9945-AD388ECC2F49}.Release|Any CPU.Build.0 = Release|Any CPU
		{E3B2622D-6F94-4DF7-ACE2-7C26458B358D}.Debug|Any CPU.ActiveCfg = Debug|Any CPU
		{E3B2622D-6F94-4DF7-ACE2-7C26458B358D}.Debug|Any CPU.Build.0 = Debug|Any CPU
		{E3B2622D-6F94-4DF7-ACE2-7C26458B358D}.Release|Any CPU.ActiveCfg = Release|Any CPU
		{E3B2622D-6F94-4DF7-ACE2-7C26458B358D}.Release|Any CPU.Build.0 = Release|Any CPU
		{4F904F99-8887-4EED-8209-D05EB940EA2B}.Debug|Any CPU.ActiveCfg = Debug|Any CPU
		{4F904F99-8887-4EED-8209-D05EB940EA2B}.Debug|Any CPU.Build.0 = Debug|Any CPU
		{4F904F99-8887-4EED-8209-D05EB940EA2B}.Release|Any CPU.ActiveCfg = Release|Any CPU
		{4F904F99-8887-4EED-8209-D05EB940EA2B}.Release|Any CPU.Build.0 = Release|Any CPU
	EndGlobalSection
	GlobalSection(SolutionProperties) = preSolution
		HideSolutionNode = FALSE
	EndGlobalSection
	GlobalSection(ExtensibilityGlobals) = postSolution
		SolutionGuid = {F4E3B40D-3ACD-4BEF-8BB7-7FB658D4E96E}
	EndGlobalSection
EndGlobal
